
Microsoft Visual Studio Solution File, Format Version 12.00
# Visual Studio Version 16
VisualStudioVersion = 16.0.31410.357
MinimumVisualStudioVersion = 10.0.40219.1
Project("{8BC9CEB8-8B4A-11D0-8D11-00A0C91BC942}") = "Project1", "Project1.vcxproj", "{CB3DB374-FA79-458E-8702-5E2630EA978A}"
EndProject
Global
	GlobalSection(SolutionConfigurationPlatforms) = preSolution
		Debug|x64 = Debug|x64
		Debug|x86 = Debug|x86
		Release|x64 = Release|x64
		Release|x86 = Release|x86
	EndGlobalSection
	GlobalSection(ProjectConfigurationPlatforms) = postSolution
		{CB3DB374-FA79-458E-8702-5E2630EA978A}.Debug|x64.ActiveCfg = Debug|x64
		{CB3DB374-FA79-458E-8702-5E2630EA978A}.Debug|x64.Build.0 = Debug|x64
		{CB3DB374-FA79-458E-8702-5E2630EA978A}.Debug|x86.ActiveCfg = Debug|Win32
		{CB3DB374-FA79-458E-8702-5E2630EA978A}.Debug|x86.Build.0 = Debug|Win32
		{CB3DB374-FA79-458E-8702-5E2630EA978A}.Release|x64.ActiveCfg = Release|x64
		{CB3DB374-FA79-458E-8702-5E2630EA978A}.Release|x64.Build.0 = Release|x64
		{CB3DB374-FA79-458E-8702-5E2630EA978A}.Release|x86.ActiveCfg = Release|Win32
		{CB3DB374-FA79-458E-8702-5E2630EA978A}.Release|x86.Build.0 = Release|Win32
	EndGlobalSection
	GlobalSection(SolutionProperties) = preSolution
		HideSolutionNode = FALSE
	EndGlobalSection
	GlobalSection(ExtensibilityGlobals) = postSolution
		SolutionGuid = {62D6E1BC-10DB-4162-A7B4-641D64D67F65}
	EndGlobalSection
EndGlobal
